
Microsoft Visual Studio Solution File, Format Version 12.00
# Visual Studio Version 17
VisualStudioVersion = 17.7.34031.279
MinimumVisualStudioVersion = 10.0.40219.1
Project("{FAE04EC0-301F-11D3-BF4B-00C04F79EFBC}") = "Platform", "Platform\Platform.csproj", "{7B0CEC65-1A3E-4FA2-8A76-BF9614E3B4CD}"
EndProject
Global
	GlobalSection(SolutionConfigurationPlatforms) = preSolution
		Debug|Any CPU = Debug|Any CPU
		Release|Any CPU = Release|Any CPU
	EndGlobalSection
	GlobalSection(ProjectConfigurationPlatforms) = postSolution
		{7B0CEC65-1A3E-4FA2-8A76-BF9614E3B4CD}.Debug|Any CPU.ActiveCfg = Debug|Any CPU
		{7B0CEC65-1A3E-4FA2-8A76-BF9614E3B4CD}.Debug|Any CPU.Build.0 = Debug|Any CPU
		{7B0CEC65-1A3E-4FA2-8A76-BF9614E3B4CD}.Release|Any CPU.ActiveCfg = Release|Any CPU
		{7B0CEC65-1A3E-4FA2-8A76-BF9614E3B4CD}.Release|Any CPU.Build.0 = Release|Any CPU
	EndGlobalSection
	GlobalSection(SolutionProperties) = preSolution
		HideSolutionNode = FALSE
	EndGlobalSection
	GlobalSection(ExtensibilityGlobals) = postSolution
		SolutionGuid = {A592C2FC-C5E0-4C60-B439-E8543A5FD454}
	EndGlobalSection
EndGlobal
