
Microsoft Visual Studio Solution File, Format Version 12.00
# Visual Studio Version 17
VisualStudioVersion = 17.7.34031.279
MinimumVisualStudioVersion = 10.0.40219.1
Project("{FAE04EC0-301F-11D3-BF4B-00C04F79EFBC}") = "TasksOnArrays", "TasksOnArrays\TasksOnArrays.csproj", "{1E024051-322B-4592-A7C0-3E9186D42399}"
EndProject
Global
	GlobalSection(SolutionConfigurationPlatforms) = preSolution
		Debug|Any CPU = Debug|Any CPU
		Release|Any CPU = Release|Any CPU
	EndGlobalSection
	GlobalSection(ProjectConfigurationPlatforms) = postSolution
		{1E024051-322B-4592-A7C0-3E9186D42399}.Debug|Any CPU.ActiveCfg = Debug|Any CPU
		{1E024051-322B-4592-A7C0-3E9186D42399}.Debug|Any CPU.Build.0 = Debug|Any CPU
		{1E024051-322B-4592-A7C0-3E9186D42399}.Release|Any CPU.ActiveCfg = Release|Any CPU
		{1E024051-322B-4592-A7C0-3E9186D42399}.Release|Any CPU.Build.0 = Release|Any CPU
	EndGlobalSection
	GlobalSection(SolutionProperties) = preSolution
		HideSolutionNode = FALSE
	EndGlobalSection
	GlobalSection(ExtensibilityGlobals) = postSolution
		SolutionGuid = {5436A4AB-651D-4FD3-9F91-586C3F1C3FFC}
	EndGlobalSection
EndGlobal
