
Microsoft Visual Studio Solution File, Format Version 12.00
# Visual Studio Version 17
VisualStudioVersion = 17.7.34031.279
MinimumVisualStudioVersion = 10.0.40219.1
Project("{9A19103F-16F7-4668-BE54-9A1E7A4F7556}") = "BankAplication", "ConsoleApp10\BankAplication.csproj", "{40EDA96E-068E-456A-8242-4938DA3F8F40}"
EndProject
Global
	GlobalSection(SolutionConfigurationPlatforms) = preSolution
		Debug|Any CPU = Debug|Any CPU
		Release|Any CPU = Release|Any CPU
	EndGlobalSection
	GlobalSection(ProjectConfigurationPlatforms) = postSolution
		{40EDA96E-068E-456A-8242-4938DA3F8F40}.Debug|Any CPU.ActiveCfg = Debug|Any CPU
		{40EDA96E-068E-456A-8242-4938DA3F8F40}.Debug|Any CPU.Build.0 = Debug|Any CPU
		{40EDA96E-068E-456A-8242-4938DA3F8F40}.Release|Any CPU.ActiveCfg = Release|Any CPU
		{40EDA96E-068E-456A-8242-4938DA3F8F40}.Release|Any CPU.Build.0 = Release|Any CPU
	EndGlobalSection
	GlobalSection(SolutionProperties) = preSolution
		HideSolutionNode = FALSE
	EndGlobalSection
	GlobalSection(ExtensibilityGlobals) = postSolution
		SolutionGuid = {F033666C-8F75-454A-AA2A-5DBC1B4AFDE3}
	EndGlobalSection
EndGlobal
