
Microsoft Visual Studio Solution File, Format Version 12.00
# Visual Studio Version 17
VisualStudioVersion = 17.7.34031.279
MinimumVisualStudioVersion = 10.0.40219.1
Project("{FAE04EC0-301F-11D3-BF4B-00C04F79EFBC}") = "functions", "functions\functions.csproj", "{41EB1379-13C0-40D4-B738-B16C2EFEE691}"
EndProject
Global
	GlobalSection(SolutionConfigurationPlatforms) = preSolution
		Debug|Any CPU = Debug|Any CPU
		Release|Any CPU = Release|Any CPU
	EndGlobalSection
	GlobalSection(ProjectConfigurationPlatforms) = postSolution
		{41EB1379-13C0-40D4-B738-B16C2EFEE691}.Debug|Any CPU.ActiveCfg = Debug|Any CPU
		{41EB1379-13C0-40D4-B738-B16C2EFEE691}.Debug|Any CPU.Build.0 = Debug|Any CPU
		{41EB1379-13C0-40D4-B738-B16C2EFEE691}.Release|Any CPU.ActiveCfg = Release|Any CPU
		{41EB1379-13C0-40D4-B738-B16C2EFEE691}.Release|Any CPU.Build.0 = Release|Any CPU
	EndGlobalSection
	GlobalSection(SolutionProperties) = preSolution
		HideSolutionNode = FALSE
	EndGlobalSection
	GlobalSection(ExtensibilityGlobals) = postSolution
		SolutionGuid = {05102615-97B3-4777-876F-5A244BE56793}
	EndGlobalSection
EndGlobal
